// !$*UTF8*$!
{
	archiveVersion = 1;
	classes = {
	};
	objectVersion = 50;
	objects = {

/* Begin PBXBuildFile section */
		F22FB30D224B33E7007079C8 /* AppDelegate.swift in Sources */ = {isa = PBXBuildFile; fileRef = F22FB30C224B33E7007079C8 /* AppDelegate.swift */; };
		F22FB312224B33E7007079C8 /* Main.storyboard in Resources */ = {isa = PBXBuildFile; fileRef = F22FB310224B33E7007079C8 /* Main.storyboard */; };
		F22FB314224B33E8007079C8 /* Assets.xcassets in Resources */ = {isa = PBXBuildFile; fileRef = F22FB313224B33E8007079C8 /* Assets.xcassets */; };
		F22FB317224B33E8007079C8 /* LaunchScreen.storyboard in Resources */ = {isa = PBXBuildFile; fileRef = F22FB315224B33E8007079C8 /* LaunchScreen.storyboard */; };
		F22FB31F224B343B007079C8 /* PhotosViewController.swift in Sources */ = {isa = PBXBuildFile; fileRef = F22FB31E224B343B007079C8 /* PhotosViewController.swift */; };
		F22FB321224B3607007079C8 /* FlickrAPI.swift in Sources */ = {isa = PBXBuildFile; fileRef = F22FB320224B3607007079C8 /* FlickrAPI.swift */; };
		F22FB323224B3C57007079C8 /* PhotoStore.swift in Sources */ = {isa = PBXBuildFile; fileRef = F22FB322224B3C57007079C8 /* PhotoStore.swift */; };
		F22FB32A224B41FD007079C8 /* Photo.swift in Sources */ = {isa = PBXBuildFile; fileRef = F22FB329224B41FD007079C8 /* Photo.swift */; };
/* End PBXBuildFile section */

/* Begin PBXFileReference section */
		F22FB309224B33E7007079C8 /* Photorama.app */ = {isa = PBXFileReference; explicitFileType = wrapper.application; includeInIndex = 0; path = Photorama.app; sourceTree = BUILT_PRODUCTS_DIR; };
		F22FB30C224B33E7007079C8 /* AppDelegate.swift */ = {isa = PBXFileReference; lastKnownFileType = sourcecode.swift; path = AppDelegate.swift; sourceTree = "<group>"; };
		F22FB311224B33E7007079C8 /* Base */ = {isa = PBXFileReference; lastKnownFileType = file.storyboard; name = Base; path = Base.lproj/Main.storyboard; sourceTree = "<group>"; };
		F22FB313224B33E8007079C8 /* Assets.xcassets */ = {isa = PBXFileReference; lastKnownFileType = folder.assetcatalog; path = Assets.xcassets; sourceTree = "<group>"; };
		F22FB316224B33E8007079C8 /* Base */ = {isa = PBXFileReference; lastKnownFileType = file.storyboard; name = Base; path = Base.lproj/LaunchScreen.storyboard; sourceTree = "<group>"; };
		F22FB318224B33E8007079C8 /* Info.plist */ = {isa = PBXFileReference; lastKnownFileType = text.plist.xml; path = Info.plist; sourceTree = "<group>"; };
		F22FB31E224B343B007079C8 /* PhotosViewController.swift */ = {isa = PBXFileReference; lastKnownFileType = sourcecode.swift; path = PhotosViewController.swift; sourceTree = "<group>"; };
		F22FB320224B3607007079C8 /* FlickrAPI.swift */ = {isa = PBXFileReference; lastKnownFileType = sourcecode.swift; path = FlickrAPI.swift; sourceTree = "<group>"; };
		F22FB322224B3C57007079C8 /* PhotoStore.swift */ = {isa = PBXFileReference; lastKnownFileType = sourcecode.swift; path = PhotoStore.swift; sourceTree = "<group>"; };
		F22FB329224B41FD007079C8 /* Photo.swift */ = {isa = PBXFileReference; lastKnownFileType = sourcecode.swift; path = Photo.swift; sourceTree = "<group>"; };
/* End PBXFileReference section */

/* Begin PBXFrameworksBuildPhase section */
		F22FB306224B33E7007079C8 /* Frameworks */ = {
			isa = PBXFrameworksBuildPhase;
			buildActionMask = 2147483647;
			files = (
			);
			runOnlyForDeploymentPostprocessing = 0;
		};
/* End PBXFrameworksBuildPhase section */

/* Begin PBXGroup section */
		F22FB300224B33E6007079C8 = {
			isa = PBXGroup;
			children = (
				F22FB30B224B33E7007079C8 /* Photorama */,
				F22FB30A224B33E7007079C8 /* Products */,
			);
			sourceTree = "<group>";
		};
		F22FB30A224B33E7007079C8 /* Products */ = {
			isa = PBXGroup;
			children = (
				F22FB309224B33E7007079C8 /* Photorama.app */,
			);
			name = Products;
			sourceTree = "<group>";
		};
		F22FB30B224B33E7007079C8 /* Photorama */ = {
			isa = PBXGroup;
			children = (
				F22FB326224B41BD007079C8 /* View */,
				F22FB325224B41AF007079C8 /* API */,
				F22FB327224B41C8007079C8 /* Controller */,
				F22FB328224B41D6007079C8 /* Model */,
				F22FB30C224B33E7007079C8 /* AppDelegate.swift */,
				F22FB313224B33E8007079C8 /* Assets.xcassets */,
				F22FB315224B33E8007079C8 /* LaunchScreen.storyboard */,
				F22FB318224B33E8007079C8 /* Info.plist */,
			);
			path = Photorama;
			sourceTree = "<group>";
		};
		F22FB325224B41AF007079C8 /* API */ = {
			isa = PBXGroup;
			children = (
				F22FB320224B3607007079C8 /* FlickrAPI.swift */,
				F22FB322224B3C57007079C8 /* PhotoStore.swift */,
			);
			path = API;
			sourceTree = "<group>";
		};
		F22FB326224B41BD007079C8 /* View */ = {
			isa = PBXGroup;
			children = (
				F22FB310224B33E7007079C8 /* Main.storyboard */,
			);
			path = View;
			sourceTree = "<group>";
		};
		F22FB327224B41C8007079C8 /* Controller */ = {
			isa = PBXGroup;
			children = (
				F22FB31E224B343B007079C8 /* PhotosViewController.swift */,
			);
			path = Controller;
			sourceTree = "<group>";
		};
		F22FB328224B41D6007079C8 /* Model */ = {
			isa = PBXGroup;
			children = (
				F22FB329224B41FD007079C8 /* Photo.swift */,
			);
			path = Model;
			sourceTree = "<group>";
		};
/* End PBXGroup section */

/* Begin PBXNativeTarget section */
		F22FB308224B33E7007079C8 /* Photorama */ = {
			isa = PBXNativeTarget;
			buildConfigurationList = F22FB31B224B33E8007079C8 /* Build configuration list for PBXNativeTarget "Photorama" */;
			buildPhases = (
				F22FB305224B33E7007079C8 /* Sources */,
				F22FB306224B33E7007079C8 /* Frameworks */,
				F22FB307224B33E7007079C8 /* Resources */,
			);
			buildRules = (
			);
			dependencies = (
			);
			name = Photorama;
			productName = Photorama;
			productReference = F22FB309224B33E7007079C8 /* Photorama.app */;
			productType = "com.apple.product-type.application";
		};
/* End PBXNativeTarget section */

/* Begin PBXProject section */
		F22FB301224B33E6007079C8 /* Project object */ = {
			isa = PBXProject;
			attributes = {
				LastSwiftUpdateCheck = 1020;
				LastUpgradeCheck = 1020;
				ORGANIZATIONNAME = "Sangho Oh";
				TargetAttributes = {
					F22FB308224B33E7007079C8 = {
						CreatedOnToolsVersion = 10.2;
					};
				};
			};
			buildConfigurationList = F22FB304224B33E6007079C8 /* Build configuration list for PBXProject "Photorama" */;
			compatibilityVersion = "Xcode 9.3";
			developmentRegion = en;
			hasScannedForEncodings = 0;
			knownRegions = (
				en,
				Base,
			);
			mainGroup = F22FB300224B33E6007079C8;
			productRefGroup = F22FB30A224B33E7007079C8 /* Products */;
			projectDirPath = "";
			projectRoot = "";
			targets = (
				F22FB308224B33E7007079C8 /* Photorama */,
			);
		};
/* End PBXProject section */

/* Begin PBXResourcesBuildPhase section */
		F22FB307224B33E7007079C8 /* Resources */ = {
			isa = PBXResourcesBuildPhase;
			buildActionMask = 2147483647;
			files = (
				F22FB317224B33E8007079C8 /* LaunchScreen.storyboard in Resources */,
				F22FB314224B33E8007079C8 /* Assets.xcassets in Resources */,
				F22FB312224B33E7007079C8 /* Main.storyboard in Resources */,
			);
			runOnlyForDeploymentPostprocessing = 0;
		};
/* End PBXResourcesBuildPhase section */

/* Begin PBXSourcesBuildPhase section */
		F22FB305224B33E7007079C8 /* Sources */ = {
			isa = PBXSourcesBuildPhase;
			buildActionMask = 2147483647;
			files = (
				F22FB321224B3607007079C8 /* FlickrAPI.swift in Sources */,
				F22FB30D224B33E7007079C8 /* AppDelegate.swift in Sources */,
				F22FB323224B3C57007079C8 /* PhotoStore.swift in Sources */,
				F22FB31F224B343B007079C8 /* PhotosViewController.swift in Sources */,
				F22FB32A224B41FD007079C8 /* Photo.swift in Sources */,
			);
			runOnlyForDeploymentPostprocessing = 0;
		};
/* End PBXSourcesBuildPhase section */

/* Begin PBXVariantGroup section */
		F22FB310224B33E7007079C8 /* Main.storyboard */ = {
			isa = PBXVariantGroup;
			children = (
				F22FB311224B33E7007079C8 /* Base */,
			);
			name = Main.storyboard;
			sourceTree = "<group>";
		};
		F22FB315224B33E8007079C8 /* LaunchScreen.storyboard */ = {
			isa = PBXVariantGroup;
			children = (
				F22FB316224B33E8007079C8 /* Base */,
			);
			name = LaunchScreen.storyboard;
			sourceTree = "<group>";
		};
/* End PBXVariantGroup section */

/* Begin XCBuildConfiguration section */
		F22FB319224B33E8007079C8 /* Debug */ = {
			isa = XCBuildConfiguration;
			buildSettings = {
				ALWAYS_SEARCH_USER_PATHS = NO;
				CLANG_ANALYZER_NONNULL = YES;
				CLANG_ANALYZER_NUMBER_OBJECT_CONVERSION = YES_AGGRESSIVE;
				CLANG_CXX_LANGUAGE_STANDARD = "gnu++14";
				CLANG_CXX_LIBRARY = "libc++";
				CLANG_ENABLE_MODULES = YES;
				CLANG_ENABLE_OBJC_ARC = YES;
				CLANG_ENABLE_OBJC_WEAK = YES;
				CLANG_WARN_BLOCK_CAPTURE_AUTORELEASING = YES;
				CLANG_WARN_BOOL_CONVERSION = YES;
				CLANG_WARN_COMMA = YES;
				CLANG_WARN_CONSTANT_CONVERSION = YES;
				CLANG_WARN_DEPRECATED_OBJC_IMPLEMENTATIONS = YES;
				CLANG_WARN_DIRECT_OBJC_ISA_USAGE = YES_ERROR;
				CLANG_WARN_DOCUMENTATION_COMMENTS = YES;
				CLANG_WARN_EMPTY_BODY = YES;
				CLANG_WARN_ENUM_CONVERSION = YES;
				CLANG_WARN_INFINITE_RECURSION = YES;
				CLANG_WARN_INT_CONVERSION = YES;
				CLANG_WARN_NON_LITERAL_NULL_CONVERSION = YES;
				CLANG_WARN_OBJC_IMPLICIT_RETAIN_SELF = YES;
				CLANG_WARN_OBJC_LITERAL_CONVERSION = YES;
				CLANG_WARN_OBJC_ROOT_CLASS = YES_ERROR;
				CLANG_WARN_RANGE_LOOP_ANALYSIS = YES;
				CLANG_WARN_STRICT_PROTOTYPES = YES;
				CLANG_WARN_SUSPICIOUS_MOVE = YES;
				CLANG_WARN_UNGUARDED_AVAILABILITY = YES_AGGRESSIVE;
				CLANG_WARN_UNREACHABLE_CODE = YES;
				CLANG_WARN__DUPLICATE_METHOD_MATCH = YES;
				CODE_SIGN_IDENTITY = "iPhone Developer";
				COPY_PHASE_STRIP = NO;
				DEBUG_INFORMATION_FORMAT = dwarf;
				ENABLE_STRICT_OBJC_MSGSEND = YES;
				ENABLE_TESTABILITY = YES;
				GCC_C_LANGUAGE_STANDARD = gnu11;
				GCC_DYNAMIC_NO_PIC = NO;
				GCC_NO_COMMON_BLOCKS = YES;
				GCC_OPTIMIZATION_LEVEL = 0;
				GCC_PREPROCESSOR_DEFINITIONS = (
					"DEBUG=1",
					"$(inherited)",
				);
				GCC_WARN_64_TO_32_BIT_CONVERSION = YES;
				GCC_WARN_ABOUT_RETURN_TYPE = YES_ERROR;
				GCC_WARN_UNDECLARED_SELECTOR = YES;
				GCC_WARN_UNINITIALIZED_AUTOS = YES_AGGRESSIVE;
				GCC_WARN_UNUSED_FUNCTION = YES;
				GCC_WARN_UNUSED_VARIABLE = YES;
				IPHONEOS_DEPLOYMENT_TARGET = 12.2;
				MTL_ENABLE_DEBUG_INFO = INCLUDE_SOURCE;
				MTL_FAST_MATH = YES;
				ONLY_ACTIVE_ARCH = YES;
				SDKROOT = iphoneos;
				SWIFT_ACTIVE_COMPILATION_CONDITIONS = DEBUG;
				SWIFT_OPTIMIZATION_LEVEL = "-Onone";
			};
			name = Debug;
		};
		F22FB31A224B33E8007079C8 /* Release */ = {
			isa = XCBuildConfiguration;
			buildSettings = {
				ALWAYS_SEARCH_USER_PATHS = NO;
				CLANG_ANALYZER_NONNULL = YES;
				CLANG_ANALYZER_NUMBER_OBJECT_CONVERSION = YES_AGGRESSIVE;
				CLANG_CXX_LANGUAGE_STANDARD = "gnu++14";
				CLANG_CXX_LIBRARY = "libc++";
				CLANG_ENABLE_MODULES = YES;
				CLANG_ENABLE_OBJC_ARC = YES;
				CLANG_ENABLE_OBJC_WEAK = YES;
				CLANG_WARN_BLOCK_CAPTURE_AUTORELEASING = YES;
				CLANG_WARN_BOOL_CONVERSION = YES;
				CLANG_WARN_COMMA = YES;
				CLANG_WARN_CONSTANT_CONVERSION = YES;
				CLANG_WARN_DEPRECATED_OBJC_IMPLEMENTATIONS = YES;
				CLANG_WARN_DIRECT_OBJC_ISA_USAGE = YES_ERROR;
				CLANG_WARN_DOCUMENTATION_COMMENTS = YES;
				CLANG_WARN_EMPTY_BODY = YES;
				CLANG_WARN_ENUM_CONVERSION = YES;
				CLANG_WARN_INFINITE_RECURSION = YES;
				CLANG_WARN_INT_CONVERSION = YES;
				CLANG_WARN_NON_LITERAL_NULL_CONVERSION = YES;
				CLANG_WARN_OBJC_IMPLICIT_RETAIN_SELF = YES;
				CLANG_WARN_OBJC_LITERAL_CONVERSION = YES;
				CLANG_WARN_OBJC_ROOT_CLASS = YES_ERROR;
				CLANG_WARN_RANGE_LOOP_ANALYSIS = YES;
				CLANG_WARN_STRICT_PROTOTYPES = YES;
				CLANG_WARN_SUSPICIOUS_MOVE = YES;
				CLANG_WARN_UNGUARDED_AVAILABILITY = YES_AGGRESSIVE;
				CLANG_WARN_UNREACHABLE_CODE = YES;
				CLANG_WARN__DUPLICATE_METHOD_MATCH = YES;
				CODE_SIGN_IDENTITY = "iPhone Developer";
				COPY_PHASE_STRIP = NO;
				DEBUG_INFORMATION_FORMAT = "dwarf-with-dsym";
				ENABLE_NS_ASSERTIONS = NO;
				ENABLE_STRICT_OBJC_MSGSEND = YES;
				GCC_C_LANGUAGE_STANDARD = gnu11;
				GCC_NO_COMMON_BLOCKS = YES;
				GCC_WARN_64_TO_32_BIT_CONVERSION = YES;
				GCC_WARN_ABOUT_RETURN_TYPE = YES_ERROR;
				GCC_WARN_UNDECLARED_SELECTOR = YES;
				GCC_WARN_UNINITIALIZED_AUTOS = YES_AGGRESSIVE;
				GCC_WARN_UNUSED_FUNCTION = YES;
				GCC_WARN_UNUSED_VARIABLE = YES;
				IPHONEOS_DEPLOYMENT_TARGET = 12.2;
				MTL_ENABLE_DEBUG_INFO = NO;
				MTL_FAST_MATH = YES;
				SDKROOT = iphoneos;
				SWIFT_COMPILATION_MODE = wholemodule;
				SWIFT_OPTIMIZATION_LEVEL = "-O";
				VALIDATE_PRODUCT = YES;
			};
			name = Release;
		};
		F22FB31C224B33E8007079C8 /* Debug */ = {
			isa = XCBuildConfiguration;
			buildSettings = {
				ASSETCATALOG_COMPILER_APPICON_NAME = AppIcon;
				CODE_SIGN_STYLE = Automatic;
				DEVELOPMENT_TEAM = LZZVJD724V;
				INFOPLIST_FILE = Photorama/Info.plist;
				IPHONEOS_DEPLOYMENT_TARGET = 11.1;
				LD_RUNPATH_SEARCH_PATHS = (
					"$(inherited)",
					"@executable_path/Frameworks",
				);
				PRODUCT_BUNDLE_IDENTIFIER = dhtkdgh429.Photorama;
				PRODUCT_NAME = "$(TARGET_NAME)";
				SWIFT_VERSION = 5.0;
				TARGETED_DEVICE_FAMILY = "1,2";
			};
			name = Debug;
		};
		F22FB31D224B33E8007079C8 /* Release */ = {
			isa = XCBuildConfiguration;
			buildSettings = {
				ASSETCATALOG_COMPILER_APPICON_NAME = AppIcon;
				CODE_SIGN_STYLE = Automatic;
				DEVELOPMENT_TEAM = LZZVJD724V;
				INFOPLIST_FILE = Photorama/Info.plist;
				IPHONEOS_DEPLOYMENT_TARGET = 11.1;
				LD_RUNPATH_SEARCH_PATHS = (
					"$(inherited)",
					"@executable_path/Frameworks",
				);
				PRODUCT_BUNDLE_IDENTIFIER = dhtkdgh429.Photorama;
				PRODUCT_NAME = "$(TARGET_NAME)";
				SWIFT_VERSION = 5.0;
				TARGETED_DEVICE_FAMILY = "1,2";
			};
			name = Release;
		};
/* End XCBuildConfiguration section */

/* Begin XCConfigurationList section */
		F22FB304224B33E6007079C8 /* Build configuration list for PBXProject "Photorama" */ = {
			isa = XCConfigurationList;
			buildConfigurations = (
				F22FB319224B33E8007079C8 /* Debug */,
				F22FB31A224B33E8007079C8 /* Release */,
			);
			defaultConfigurationIsVisible = 0;
			defaultConfigurationName = Release;
		};
		F22FB31B224B33E8007079C8 /* Build configuration list for PBXNativeTarget "Photorama" */ = {
			isa = XCConfigurationList;
			buildConfigurations = (
				F22FB31C224B33E8007079C8 /* Debug */,
				F22FB31D224B33E8007079C8 /* Release */,
			);
			defaultConfigurationIsVisible = 0;
			defaultConfigurationName = Release;
		};
/* End XCConfigurationList section */
	};
	rootObject = F22FB301224B33E6007079C8 /* Project object */;
}
